
Microsoft Visual Studio Solution File, Format Version 12.00
# Visual Studio 15
VisualStudioVersion = 15.0.28307.168
MinimumVisualStudioVersion = 10.0.40219.1
Project("{FAE04EC0-301F-11D3-BF4B-00C04F79EFBC}") = "Organization", "Organization\Organization.csproj", "{926B3EEF-D40F-458C-928F-C58485E70274}"
EndProject
Global
	GlobalSection(SolutionConfigurationPlatforms) = preSolution
		Debug|Any CPU = Debug|Any CPU
		Release|Any CPU = Release|Any CPU
	EndGlobalSection
	GlobalSection(ProjectConfigurationPlatforms) = postSolution
		{926B3EEF-D40F-458C-928F-C58485E70274}.Debug|Any CPU.ActiveCfg = Debug|Any CPU
		{926B3EEF-D40F-458C-928F-C58485E70274}.Debug|Any CPU.Build.0 = Debug|Any CPU
		{926B3EEF-D40F-458C-928F-C58485E70274}.Release|Any CPU.ActiveCfg = Release|Any CPU
		{926B3EEF-D40F-458C-928F-C58485E70274}.Release|Any CPU.Build.0 = Release|Any CPU
	EndGlobalSection
	GlobalSection(SolutionProperties) = preSolution
		HideSolutionNode = FALSE
	EndGlobalSection
	GlobalSection(ExtensibilityGlobals) = postSolution
		SolutionGuid = {C4E42706-2B30-4017-84C4-57F50A1089A5}
	EndGlobalSection
EndGlobal
